
Microsoft Visual Studio Solution File, Format Version 12.00
# Visual Studio 15
VisualStudioVersion = 15.0.27428.2011
MinimumVisualStudioVersion = 10.0.40219.1
Project("{9A19103F-16F7-4668-BE54-9A1E7A4F7556}") = "NNMR.BL", "NNMR.BL\NNMR.BL.csproj", "{899ED163-B0C1-434B-A1AD-550670F16685}"
EndProject
Project("{9A19103F-16F7-4668-BE54-9A1E7A4F7556}") = "NNMR.DL", "NNMR.DL\NNMR.DL.csproj", "{CCD85DB6-CA31-494A-B559-6A0E13077583}"
EndProject
Project("{9A19103F-16F7-4668-BE54-9A1E7A4F7556}") = "NNMR.Model", "NNMR.Model\NNMR.Model.csproj", "{0F9D6EA1-6126-4AAD-8182-844F6CA52B5F}"
EndProject
Project("{9A19103F-16F7-4668-BE54-9A1E7A4F7556}") = "NNMR.BL.UnitTest", "NNMR.BL.UnitTest\NNMR.BL.UnitTest.csproj", "{A60AA7F3-2020-4F8F-83C9-B9A9E19CFFCD}"
EndProject
Project("{2150E333-8FDC-42A3-9474-1A3956D46DE8}") = "NNMR Service", "NNMR Service", "{815E4B63-F57B-4568-AB6E-B7FA4A5E199C}"
EndProject
Project("{2150E333-8FDC-42A3-9474-1A3956D46DE8}") = "RESTAPI Service", "RESTAPI Service", "{F8393622-D5DD-4E10-B6C9-36F04593AC5E}"
EndProject
Project("{2150E333-8FDC-42A3-9474-1A3956D46DE8}") = "Web Parser Service", "Web Parser Service", "{BC821FD5-9814-49B5-86F3-F4A641C66E4D}"
EndProject
Project("{2150E333-8FDC-42A3-9474-1A3956D46DE8}") = "Load Balancer Service", "Load Balancer Service", "{E0D8791D-3CD6-4E19-83AA-10F89F00BF5D}"
EndProject
Project("{9A19103F-16F7-4668-BE54-9A1E7A4F7556}") = "RESTAPI", "RESTAPI\RESTAPI.csproj", "{F974CBA0-6818-437B-A014-7CA6BA75E8C5}"
EndProject
Project("{9A19103F-16F7-4668-BE54-9A1E7A4F7556}") = "RESTAPI.Model", "RESTAPI.Model\RESTAPI.Model.csproj", "{0190FCA2-CC6A-4C77-9C18-A3CA85FDD3CB}"
EndProject
Project("{9A19103F-16F7-4668-BE54-9A1E7A4F7556}") = "Balancer", "Balancer\Balancer.csproj", "{F6A33E45-6BEF-40C0-A13B-0D735EB8721F}"
EndProject
Project("{9A19103F-16F7-4668-BE54-9A1E7A4F7556}") = "Balancer.Model", "Balancer.Model\Balancer.Model.csproj", "{1A892B0C-67B9-4595-B23A-352CE2D27C98}"
EndProject
Project("{9A19103F-16F7-4668-BE54-9A1E7A4F7556}") = "Balancer.BL", "Balancer.BL\Balancer.BL.csproj", "{5529E041-6F5F-4FC2-B2EC-FECD048D7091}"
EndProject
Project("{9A19103F-16F7-4668-BE54-9A1E7A4F7556}") = "Balancer.DL", "Balancer.DL\Balancer.DL.csproj", "{006FA160-778A-467E-B69E-1B40C54DDDF1}"
EndProject
Project("{9A19103F-16F7-4668-BE54-9A1E7A4F7556}") = "WebParser.BL", "WebParser.BL\WebParser.BL.csproj", "{097E47B3-DAB5-4E46-A42B-EB97A91CB426}"
EndProject
Project("{9A19103F-16F7-4668-BE54-9A1E7A4F7556}") = "WebParser.DL", "WebParser.DL\WebParser.DL.csproj", "{0519A3AB-BE8A-434B-83CC-39208FDE4683}"
EndProject
Project("{9A19103F-16F7-4668-BE54-9A1E7A4F7556}") = "WebParser.Model", "WebParser.Model\WebParser.Model.csproj", "{DAAEF1E3-3CAC-4339-8BE3-1E56B72F15F3}"
EndProject
Project("{9A19103F-16F7-4668-BE54-9A1E7A4F7556}") = "Balancer.BL.UnitTest", "Balancer.BL.UnitTest\Balancer.BL.UnitTest.csproj", "{80D057CE-293B-403D-AE5A-1224DE32B642}"
EndProject
Project("{9A19103F-16F7-4668-BE54-9A1E7A4F7556}") = "Balancer.DL.IntegrationTest", "Balancer.DL.IntegrationTest\Balancer.DL.IntegrationTest.csproj", "{DE562DF8-40F5-42E2-BFE1-F219A1F95254}"
EndProject
Project("{9A19103F-16F7-4668-BE54-9A1E7A4F7556}") = "NNMR.DL.IntegrationTest", "NNMR.DL.IntegrationTest\NNMR.DL.IntegrationTest.csproj", "{E94F092C-5058-4032-8C6D-114C371B04BC}"
EndProject
Project("{9A19103F-16F7-4668-BE54-9A1E7A4F7556}") = "WebParser.BL.UnitTest", "WebParser.BL.UnitTest\WebParser.BL.UnitTest.csproj", "{A607BA78-C1D9-49CA-B16D-929DB73D2C9D}"
EndProject
Project("{9A19103F-16F7-4668-BE54-9A1E7A4F7556}") = "WebParser.DL.IntegrationTest", "WebParser.DL.IntegrationTest\WebParser.DL.IntegrationTest.csproj", "{2B4FA262-6BA1-4C04-8247-3DCC5269F382}"
EndProject
Project("{9A19103F-16F7-4668-BE54-9A1E7A4F7556}") = "WebParser", "WebParser\WebParser.csproj", "{202AB105-082F-4763-9F08-C8136FD44EFA}"
EndProject
Project("{9A19103F-16F7-4668-BE54-9A1E7A4F7556}") = "NNMR", "NNMR\NNMR.csproj", "{77DB2660-DA52-4BC9-921C-512F3BD2833B}"
EndProject
Project("{2150E333-8FDC-42A3-9474-1A3956D46DE8}") = "_Common", "_Common", "{0F4EEECA-200C-4C83-AF14-8B4135719F92}"
EndProject
Project("{9A19103F-16F7-4668-BE54-9A1E7A4F7556}") = "Auth", "Auth\Auth.csproj", "{F70850D1-C807-4EA6-AAEE-4B067923498D}"
EndProject
Project("{2150E333-8FDC-42A3-9474-1A3956D46DE8}") = "Auth service", "Auth service", "{8E13AE44-A4BB-4FA7-959D-9FEFEA83A67D}"
EndProject
Project("{9A19103F-16F7-4668-BE54-9A1E7A4F7556}") = "Auth.BL", "Auth.BL\Auth.BL.csproj", "{5422BCA3-7F2E-4260-80AD-0FE6DA3F72BD}"
EndProject
Project("{9A19103F-16F7-4668-BE54-9A1E7A4F7556}") = "Auth.DL", "Auth.DL\Auth.DL.csproj", "{D962BD7D-0EAB-42A7-9CDD-314737854C55}"
EndProject
Project("{9A19103F-16F7-4668-BE54-9A1E7A4F7556}") = "Auth.Model", "Auth.Model\Auth.Model.csproj", "{1821F97E-D612-4907-B60B-2C1443EFA20D}"
EndProject
Project("{FAE04EC0-301F-11D3-BF4B-00C04F79EFBC}") = "CommonLib", "CommonLib\CommonLib.csproj", "{0E6E364B-3901-4F5D-B5C2-5EA0FB9561A5}"
EndProject
Global
	GlobalSection(SolutionConfigurationPlatforms) = preSolution
		Debug|Any CPU = Debug|Any CPU
		Release|Any CPU = Release|Any CPU
	EndGlobalSection
	GlobalSection(ProjectConfigurationPlatforms) = postSolution
		{899ED163-B0C1-434B-A1AD-550670F16685}.Debug|Any CPU.ActiveCfg = Debug|Any CPU
		{899ED163-B0C1-434B-A1AD-550670F16685}.Debug|Any CPU.Build.0 = Debug|Any CPU
		{899ED163-B0C1-434B-A1AD-550670F16685}.Release|Any CPU.ActiveCfg = Release|Any CPU
		{899ED163-B0C1-434B-A1AD-550670F16685}.Release|Any CPU.Build.0 = Release|Any CPU
		{CCD85DB6-CA31-494A-B559-6A0E13077583}.Debug|Any CPU.ActiveCfg = Debug|Any CPU
		{CCD85DB6-CA31-494A-B559-6A0E13077583}.Debug|Any CPU.Build.0 = Debug|Any CPU
		{CCD85DB6-CA31-494A-B559-6A0E13077583}.Release|Any CPU.ActiveCfg = Release|Any CPU
		{CCD85DB6-CA31-494A-B559-6A0E13077583}.Release|Any CPU.Build.0 = Release|Any CPU
		{0F9D6EA1-6126-4AAD-8182-844F6CA52B5F}.Debug|Any CPU.ActiveCfg = Debug|Any CPU
		{0F9D6EA1-6126-4AAD-8182-844F6CA52B5F}.Debug|Any CPU.Build.0 = Debug|Any CPU
		{0F9D6EA1-6126-4AAD-8182-844F6CA52B5F}.Release|Any CPU.ActiveCfg = Release|Any CPU
		{0F9D6EA1-6126-4AAD-8182-844F6CA52B5F}.Release|Any CPU.Build.0 = Release|Any CPU
		{A60AA7F3-2020-4F8F-83C9-B9A9E19CFFCD}.Debug|Any CPU.ActiveCfg = Debug|Any CPU
		{A60AA7F3-2020-4F8F-83C9-B9A9E19CFFCD}.Debug|Any CPU.Build.0 = Debug|Any CPU
		{A60AA7F3-2020-4F8F-83C9-B9A9E19CFFCD}.Release|Any CPU.ActiveCfg = Release|Any CPU
		{A60AA7F3-2020-4F8F-83C9-B9A9E19CFFCD}.Release|Any CPU.Build.0 = Release|Any CPU
		{F974CBA0-6818-437B-A014-7CA6BA75E8C5}.Debug|Any CPU.ActiveCfg = Debug|Any CPU
		{F974CBA0-6818-437B-A014-7CA6BA75E8C5}.Debug|Any CPU.Build.0 = Debug|Any CPU
		{F974CBA0-6818-437B-A014-7CA6BA75E8C5}.Release|Any CPU.ActiveCfg = Release|Any CPU
		{F974CBA0-6818-437B-A014-7CA6BA75E8C5}.Release|Any CPU.Build.0 = Release|Any CPU
		{0190FCA2-CC6A-4C77-9C18-A3CA85FDD3CB}.Debug|Any CPU.ActiveCfg = Debug|Any CPU
		{0190FCA2-CC6A-4C77-9C18-A3CA85FDD3CB}.Debug|Any CPU.Build.0 = Debug|Any CPU
		{0190FCA2-CC6A-4C77-9C18-A3CA85FDD3CB}.Release|Any CPU.ActiveCfg = Release|Any CPU
		{0190FCA2-CC6A-4C77-9C18-A3CA85FDD3CB}.Release|Any CPU.Build.0 = Release|Any CPU
		{F6A33E45-6BEF-40C0-A13B-0D735EB8721F}.Debug|Any CPU.ActiveCfg = Debug|Any CPU
		{F6A33E45-6BEF-40C0-A13B-0D735EB8721F}.Debug|Any CPU.Build.0 = Debug|Any CPU
		{F6A33E45-6BEF-40C0-A13B-0D735EB8721F}.Release|Any CPU.ActiveCfg = Release|Any CPU
		{F6A33E45-6BEF-40C0-A13B-0D735EB8721F}.Release|Any CPU.Build.0 = Release|Any CPU
		{1A892B0C-67B9-4595-B23A-352CE2D27C98}.Debug|Any CPU.ActiveCfg = Debug|Any CPU
		{1A892B0C-67B9-4595-B23A-352CE2D27C98}.Debug|Any CPU.Build.0 = Debug|Any CPU
		{1A892B0C-67B9-4595-B23A-352CE2D27C98}.Release|Any CPU.ActiveCfg = Release|Any CPU
		{1A892B0C-67B9-4595-B23A-352CE2D27C98}.Release|Any CPU.Build.0 = Release|Any CPU
		{5529E041-6F5F-4FC2-B2EC-FECD048D7091}.Debug|Any CPU.ActiveCfg = Debug|Any CPU
		{5529E041-6F5F-4FC2-B2EC-FECD048D7091}.Debug|Any CPU.Build.0 = Debug|Any CPU
		{5529E041-6F5F-4FC2-B2EC-FECD048D7091}.Release|Any CPU.ActiveCfg = Release|Any CPU
		{5529E041-6F5F-4FC2-B2EC-FECD048D7091}.Release|Any CPU.Build.0 = Release|Any CPU
		{006FA160-778A-467E-B69E-1B40C54DDDF1}.Debug|Any CPU.ActiveCfg = Debug|Any CPU
		{006FA160-778A-467E-B69E-1B40C54DDDF1}.Debug|Any CPU.Build.0 = Debug|Any CPU
		{006FA160-778A-467E-B69E-1B40C54DDDF1}.Release|Any CPU.ActiveCfg = Release|Any CPU
		{006FA160-778A-467E-B69E-1B40C54DDDF1}.Release|Any CPU.Build.0 = Release|Any CPU
		{097E47B3-DAB5-4E46-A42B-EB97A91CB426}.Debug|Any CPU.ActiveCfg = Debug|Any CPU
		{097E47B3-DAB5-4E46-A42B-EB97A91CB426}.Debug|Any CPU.Build.0 = Debug|Any CPU
		{097E47B3-DAB5-4E46-A42B-EB97A91CB426}.Release|Any CPU.ActiveCfg = Release|Any CPU
		{097E47B3-DAB5-4E46-A42B-EB97A91CB426}.Release|Any CPU.Build.0 = Release|Any CPU
		{0519A3AB-BE8A-434B-83CC-39208FDE4683}.Debug|Any CPU.ActiveCfg = Debug|Any CPU
		{0519A3AB-BE8A-434B-83CC-39208FDE4683}.Debug|Any CPU.Build.0 = Debug|Any CPU
		{0519A3AB-BE8A-434B-83CC-39208FDE4683}.Release|Any CPU.ActiveCfg = Release|Any CPU
		{0519A3AB-BE8A-434B-83CC-39208FDE4683}.Release|Any CPU.Build.0 = Release|Any CPU
		{DAAEF1E3-3CAC-4339-8BE3-1E56B72F15F3}.Debug|Any CPU.ActiveCfg = Debug|Any CPU
		{DAAEF1E3-3CAC-4339-8BE3-1E56B72F15F3}.Debug|Any CPU.Build.0 = Debug|Any CPU
		{DAAEF1E3-3CAC-4339-8BE3-1E56B72F15F3}.Release|Any CPU.ActiveCfg = Release|Any CPU
		{DAAEF1E3-3CAC-4339-8BE3-1E56B72F15F3}.Release|Any CPU.Build.0 = Release|Any CPU
		{80D057CE-293B-403D-AE5A-1224DE32B642}.Debug|Any CPU.ActiveCfg = Debug|Any CPU
		{80D057CE-293B-403D-AE5A-1224DE32B642}.Debug|Any CPU.Build.0 = Debug|Any CPU
		{80D057CE-293B-403D-AE5A-1224DE32B642}.Release|Any CPU.ActiveCfg = Release|Any CPU
		{80D057CE-293B-403D-AE5A-1224DE32B642}.Release|Any CPU.Build.0 = Release|Any CPU
		{DE562DF8-40F5-42E2-BFE1-F219A1F95254}.Debug|Any CPU.ActiveCfg = Debug|Any CPU
		{DE562DF8-40F5-42E2-BFE1-F219A1F95254}.Debug|Any CPU.Build.0 = Debug|Any CPU
		{DE562DF8-40F5-42E2-BFE1-F219A1F95254}.Release|Any CPU.ActiveCfg = Release|Any CPU
		{DE562DF8-40F5-42E2-BFE1-F219A1F95254}.Release|Any CPU.Build.0 = Release|Any CPU
		{E94F092C-5058-4032-8C6D-114C371B04BC}.Debug|Any CPU.ActiveCfg = Debug|Any CPU
		{E94F092C-5058-4032-8C6D-114C371B04BC}.Debug|Any CPU.Build.0 = Debug|Any CPU
		{E94F092C-5058-4032-8C6D-114C371B04BC}.Release|Any CPU.ActiveCfg = Release|Any CPU
		{E94F092C-5058-4032-8C6D-114C371B04BC}.Release|Any CPU.Build.0 = Release|Any CPU
		{A607BA78-C1D9-49CA-B16D-929DB73D2C9D}.Debug|Any CPU.ActiveCfg = Debug|Any CPU
		{A607BA78-C1D9-49CA-B16D-929DB73D2C9D}.Debug|Any CPU.Build.0 = Debug|Any CPU
		{A607BA78-C1D9-49CA-B16D-929DB73D2C9D}.Release|Any CPU.ActiveCfg = Release|Any CPU
		{A607BA78-C1D9-49CA-B16D-929DB73D2C9D}.Release|Any CPU.Build.0 = Release|Any CPU
		{2B4FA262-6BA1-4C04-8247-3DCC5269F382}.Debug|Any CPU.ActiveCfg = Debug|Any CPU
		{2B4FA262-6BA1-4C04-8247-3DCC5269F382}.Debug|Any CPU.Build.0 = Debug|Any CPU
		{2B4FA262-6BA1-4C04-8247-3DCC5269F382}.Release|Any CPU.ActiveCfg = Release|Any CPU
		{2B4FA262-6BA1-4C04-8247-3DCC5269F382}.Release|Any CPU.Build.0 = Release|Any CPU
		{202AB105-082F-4763-9F08-C8136FD44EFA}.Debug|Any CPU.ActiveCfg = Debug|Any CPU
		{202AB105-082F-4763-9F08-C8136FD44EFA}.Debug|Any CPU.Build.0 = Debug|Any CPU
		{202AB105-082F-4763-9F08-C8136FD44EFA}.Release|Any CPU.ActiveCfg = Release|Any CPU
		{202AB105-082F-4763-9F08-C8136FD44EFA}.Release|Any CPU.Build.0 = Release|Any CPU
		{77DB2660-DA52-4BC9-921C-512F3BD2833B}.Debug|Any CPU.ActiveCfg = Debug|Any CPU
		{77DB2660-DA52-4BC9-921C-512F3BD2833B}.Debug|Any CPU.Build.0 = Debug|Any CPU
		{77DB2660-DA52-4BC9-921C-512F3BD2833B}.Release|Any CPU.ActiveCfg = Release|Any CPU
		{77DB2660-DA52-4BC9-921C-512F3BD2833B}.Release|Any CPU.Build.0 = Release|Any CPU
		{F70850D1-C807-4EA6-AAEE-4B067923498D}.Debug|Any CPU.ActiveCfg = Debug|Any CPU
		{F70850D1-C807-4EA6-AAEE-4B067923498D}.Debug|Any CPU.Build.0 = Debug|Any CPU
		{F70850D1-C807-4EA6-AAEE-4B067923498D}.Release|Any CPU.ActiveCfg = Release|Any CPU
		{F70850D1-C807-4EA6-AAEE-4B067923498D}.Release|Any CPU.Build.0 = Release|Any CPU
		{5422BCA3-7F2E-4260-80AD-0FE6DA3F72BD}.Debug|Any CPU.ActiveCfg = Debug|Any CPU
		{5422BCA3-7F2E-4260-80AD-0FE6DA3F72BD}.Debug|Any CPU.Build.0 = Debug|Any CPU
		{5422BCA3-7F2E-4260-80AD-0FE6DA3F72BD}.Release|Any CPU.ActiveCfg = Release|Any CPU
		{5422BCA3-7F2E-4260-80AD-0FE6DA3F72BD}.Release|Any CPU.Build.0 = Release|Any CPU
		{D962BD7D-0EAB-42A7-9CDD-314737854C55}.Debug|Any CPU.ActiveCfg = Debug|Any CPU
		{D962BD7D-0EAB-42A7-9CDD-314737854C55}.Debug|Any CPU.Build.0 = Debug|Any CPU
		{D962BD7D-0EAB-42A7-9CDD-314737854C55}.Release|Any CPU.ActiveCfg = Release|Any CPU
		{D962BD7D-0EAB-42A7-9CDD-314737854C55}.Release|Any CPU.Build.0 = Release|Any CPU
		{1821F97E-D612-4907-B60B-2C1443EFA20D}.Debug|Any CPU.ActiveCfg = Debug|Any CPU
		{1821F97E-D612-4907-B60B-2C1443EFA20D}.Debug|Any CPU.Build.0 = Debug|Any CPU
		{1821F97E-D612-4907-B60B-2C1443EFA20D}.Release|Any CPU.ActiveCfg = Release|Any CPU
		{1821F97E-D612-4907-B60B-2C1443EFA20D}.Release|Any CPU.Build.0 = Release|Any CPU
		{0E6E364B-3901-4F5D-B5C2-5EA0FB9561A5}.Debug|Any CPU.ActiveCfg = Debug|Any CPU
		{0E6E364B-3901-4F5D-B5C2-5EA0FB9561A5}.Debug|Any CPU.Build.0 = Debug|Any CPU
		{0E6E364B-3901-4F5D-B5C2-5EA0FB9561A5}.Release|Any CPU.ActiveCfg = Release|Any CPU
		{0E6E364B-3901-4F5D-B5C2-5EA0FB9561A5}.Release|Any CPU.Build.0 = Release|Any CPU
	EndGlobalSection
	GlobalSection(SolutionProperties) = preSolution
		HideSolutionNode = FALSE
	EndGlobalSection
	GlobalSection(NestedProjects) = preSolution
		{899ED163-B0C1-434B-A1AD-550670F16685} = {815E4B63-F57B-4568-AB6E-B7FA4A5E199C}
		{CCD85DB6-CA31-494A-B559-6A0E13077583} = {815E4B63-F57B-4568-AB6E-B7FA4A5E199C}
		{0F9D6EA1-6126-4AAD-8182-844F6CA52B5F} = {815E4B63-F57B-4568-AB6E-B7FA4A5E199C}
		{A60AA7F3-2020-4F8F-83C9-B9A9E19CFFCD} = {815E4B63-F57B-4568-AB6E-B7FA4A5E199C}
		{F974CBA0-6818-437B-A014-7CA6BA75E8C5} = {F8393622-D5DD-4E10-B6C9-36F04593AC5E}
		{0190FCA2-CC6A-4C77-9C18-A3CA85FDD3CB} = {F8393622-D5DD-4E10-B6C9-36F04593AC5E}
		{F6A33E45-6BEF-40C0-A13B-0D735EB8721F} = {E0D8791D-3CD6-4E19-83AA-10F89F00BF5D}
		{1A892B0C-67B9-4595-B23A-352CE2D27C98} = {E0D8791D-3CD6-4E19-83AA-10F89F00BF5D}
		{5529E041-6F5F-4FC2-B2EC-FECD048D7091} = {E0D8791D-3CD6-4E19-83AA-10F89F00BF5D}
		{006FA160-778A-467E-B69E-1B40C54DDDF1} = {E0D8791D-3CD6-4E19-83AA-10F89F00BF5D}
		{097E47B3-DAB5-4E46-A42B-EB97A91CB426} = {BC821FD5-9814-49B5-86F3-F4A641C66E4D}
		{0519A3AB-BE8A-434B-83CC-39208FDE4683} = {BC821FD5-9814-49B5-86F3-F4A641C66E4D}
		{DAAEF1E3-3CAC-4339-8BE3-1E56B72F15F3} = {BC821FD5-9814-49B5-86F3-F4A641C66E4D}
		{80D057CE-293B-403D-AE5A-1224DE32B642} = {E0D8791D-3CD6-4E19-83AA-10F89F00BF5D}
		{DE562DF8-40F5-42E2-BFE1-F219A1F95254} = {E0D8791D-3CD6-4E19-83AA-10F89F00BF5D}
		{E94F092C-5058-4032-8C6D-114C371B04BC} = {815E4B63-F57B-4568-AB6E-B7FA4A5E199C}
		{A607BA78-C1D9-49CA-B16D-929DB73D2C9D} = {BC821FD5-9814-49B5-86F3-F4A641C66E4D}
		{2B4FA262-6BA1-4C04-8247-3DCC5269F382} = {BC821FD5-9814-49B5-86F3-F4A641C66E4D}
		{202AB105-082F-4763-9F08-C8136FD44EFA} = {BC821FD5-9814-49B5-86F3-F4A641C66E4D}
		{77DB2660-DA52-4BC9-921C-512F3BD2833B} = {815E4B63-F57B-4568-AB6E-B7FA4A5E199C}
		{F70850D1-C807-4EA6-AAEE-4B067923498D} = {8E13AE44-A4BB-4FA7-959D-9FEFEA83A67D}
		{5422BCA3-7F2E-4260-80AD-0FE6DA3F72BD} = {8E13AE44-A4BB-4FA7-959D-9FEFEA83A67D}
		{D962BD7D-0EAB-42A7-9CDD-314737854C55} = {8E13AE44-A4BB-4FA7-959D-9FEFEA83A67D}
		{1821F97E-D612-4907-B60B-2C1443EFA20D} = {8E13AE44-A4BB-4FA7-959D-9FEFEA83A67D}
		{0E6E364B-3901-4F5D-B5C2-5EA0FB9561A5} = {0F4EEECA-200C-4C83-AF14-8B4135719F92}
	EndGlobalSection
	GlobalSection(ExtensibilityGlobals) = postSolution
		SolutionGuid = {FE7E2ACF-2D4A-45D9-93B1-45CA8C7AF1F4}
	EndGlobalSection
EndGlobal
